
Microsoft Visual Studio Solution File, Format Version 11.00
# Visual Studio 2010
Project("{FAE04EC0-301F-11D3-BF4B-00C04F79EFBC}") = "BaseFormsLib", "BaseFormsLib\BaseFormsLib.csproj", "{264EF71D-FE21-4BE1-B7EB-CCF3B5FD219F}"
EndProject
Global
	GlobalSection(SolutionConfigurationPlatforms) = preSolution
		Debug|Any CPU = Debug|Any CPU
		Release|Any CPU = Release|Any CPU
	EndGlobalSection
	GlobalSection(ProjectConfigurationPlatforms) = postSolution
		{264EF71D-FE21-4BE1-B7EB-CCF3B5FD219F}.Debug|Any CPU.ActiveCfg = Debug|Any CPU
		{264EF71D-FE21-4BE1-B7EB-CCF3B5FD219F}.Debug|Any CPU.Build.0 = Debug|Any CPU
		{264EF71D-FE21-4BE1-B7EB-CCF3B5FD219F}.Release|Any CPU.ActiveCfg = Release|Any CPU
		{264EF71D-FE21-4BE1-B7EB-CCF3B5FD219F}.Release|Any CPU.Build.0 = Release|Any CPU
	EndGlobalSection
	GlobalSection(SolutionProperties) = preSolution
		HideSolutionNode = FALSE
	EndGlobalSection
EndGlobal
